// !$*UTF8*$!
{
	archiveVersion = 1;
	classes = {
	};
	objectVersion = 56;
	objects = {

/* Begin PBXBuildFile section */
		7A45541C292A3CC3005FA92F /* AppDelegate.swift in Sources */ = {isa = PBXBuildFile; fileRef = 7A45541B292A3CC3005FA92F /* AppDelegate.swift */; };
		7A45541E292A3CC3005FA92F /* SceneDelegate.swift in Sources */ = {isa = PBXBuildFile; fileRef = 7A45541D292A3CC3005FA92F /* SceneDelegate.swift */; };
		7A455420292A3CC3005FA92F /* MainTabBarViewController.swift in Sources */ = {isa = PBXBuildFile; fileRef = 7A45541F292A3CC3005FA92F /* MainTabBarViewController.swift */; };
		7A455423292A3CC3005FA92F /* Main.storyboard in Resources */ = {isa = PBXBuildFile; fileRef = 7A455421292A3CC3005FA92F /* Main.storyboard */; };
		7A455425292A3CC6005FA92F /* Assets.xcassets in Resources */ = {isa = PBXBuildFile; fileRef = 7A455424292A3CC6005FA92F /* Assets.xcassets */; };
		7A455428292A3CC6005FA92F /* LaunchScreen.storyboard in Resources */ = {isa = PBXBuildFile; fileRef = 7A455426292A3CC6005FA92F /* LaunchScreen.storyboard */; };
		7A455438292A3EC5005FA92F /* HomeViewController.swift in Sources */ = {isa = PBXBuildFile; fileRef = 7A455437292A3EC5005FA92F /* HomeViewController.swift */; };
		7A45543A292A3F69005FA92F /* Uocomingviewcontroller.swift in Sources */ = {isa = PBXBuildFile; fileRef = 7A455439292A3F69005FA92F /* Uocomingviewcontroller.swift */; };
		7A45543C292A3F94005FA92F /*  SearchViewController.swift in Sources */ = {isa = PBXBuildFile; fileRef = 7A45543B292A3F94005FA92F /*  SearchViewController.swift */; };
		7A45543E292A3FC4005FA92F /* DownloadsViewController.swift in Sources */ = {isa = PBXBuildFile; fileRef = 7A45543D292A3FC4005FA92F /* DownloadsViewController.swift */; };
		7A455442292A40C7005FA92F /* Title.swift in Sources */ = {isa = PBXBuildFile; fileRef = 7A455441292A40C7005FA92F /* Title.swift */; };
		7A455444292A4116005FA92F /* ApiCaller.swift in Sources */ = {isa = PBXBuildFile; fileRef = 7A455443292A4116005FA92F /* ApiCaller.swift */; };
		7A455446292A4188005FA92F /* TitleConnectionView.swift in Sources */ = {isa = PBXBuildFile; fileRef = 7A455445292A4188005FA92F /* TitleConnectionView.swift */; };
		7A455449292A44C0005FA92F /* SDWebImage in Frameworks */ = {isa = PBXBuildFile; productRef = 7A455448292A44C0005FA92F /* SDWebImage */; };
		7A45544B292A44C0005FA92F /* SDWebImageMapKit in Frameworks */ = {isa = PBXBuildFile; productRef = 7A45544A292A44C0005FA92F /* SDWebImageMapKit */; };
		7A45544D292A46C5005FA92F /* YoutubeSearchResponse.swift in Sources */ = {isa = PBXBuildFile; fileRef = 7A45544C292A46C5005FA92F /* YoutubeSearchResponse.swift */; };
		7A45544F292A4717005FA92F /* CollectionViewTableViewCellDelegate.swift in Sources */ = {isa = PBXBuildFile; fileRef = 7A45544E292A4717005FA92F /* CollectionViewTableViewCellDelegate.swift */; };
		7A455451292A492E005FA92F /* HeroHeaderUIView.swift in Sources */ = {isa = PBXBuildFile; fileRef = 7A455450292A492E005FA92F /* HeroHeaderUIView.swift */; };
		7A455453292A49FA005FA92F /* TitleTableViewCell.swift in Sources */ = {isa = PBXBuildFile; fileRef = 7A455452292A49FA005FA92F /* TitleTableViewCell.swift */; };
		7A455455292A4A80005FA92F /* TitleViewModel.swift in Sources */ = {isa = PBXBuildFile; fileRef = 7A455454292A4A80005FA92F /* TitleViewModel.swift */; };
		7A455457292A4AD5005FA92F /* TitlePreviewViewModel .swift in Sources */ = {isa = PBXBuildFile; fileRef = 7A455456292A4AD5005FA92F /* TitlePreviewViewModel .swift */; };
		7A7E32CC2931195A00716136 /* SearchResultsViewControllerDelegate.swift in Sources */ = {isa = PBXBuildFile; fileRef = 7A7E32CB2931195A00716136 /* SearchResultsViewControllerDelegate.swift */; };
		7A7E32CE2931198B00716136 /* TitlePreviewViewController.swift in Sources */ = {isa = PBXBuildFile; fileRef = 7A7E32CD2931198B00716136 /* TitlePreviewViewController.swift */; };
		7A7E32D029311A0100716136 /* DataPersistenceManager.swift in Sources */ = {isa = PBXBuildFile; fileRef = 7A7E32CF29311A0100716136 /* DataPersistenceManager.swift */; };
		7A7E32D229311A3B00716136 /* Extension.swift in Sources */ = {isa = PBXBuildFile; fileRef = 7A7E32D129311A3B00716136 /* Extension.swift */; };
		7A7E32D529311C5800716136 /* NetflixCloneModel.xcdatamodeld in Sources */ = {isa = PBXBuildFile; fileRef = 7A7E32D329311C5800716136 /* NetflixCloneModel.xcdatamodeld */; };
/* End PBXBuildFile section */

/* Begin PBXFileReference section */
		7A455418292A3CC3005FA92F /* netflixapp.app */ = {isa = PBXFileReference; explicitFileType = wrapper.application; includeInIndex = 0; path = netflixapp.app; sourceTree = BUILT_PRODUCTS_DIR; };
		7A45541B292A3CC3005FA92F /* AppDelegate.swift */ = {isa = PBXFileReference; lastKnownFileType = sourcecode.swift; path = AppDelegate.swift; sourceTree = "<group>"; };
		7A45541D292A3CC3005FA92F /* SceneDelegate.swift */ = {isa = PBXFileReference; lastKnownFileType = sourcecode.swift; path = SceneDelegate.swift; sourceTree = "<group>"; };
		7A45541F292A3CC3005FA92F /* MainTabBarViewController.swift */ = {isa = PBXFileReference; lastKnownFileType = sourcecode.swift; path = MainTabBarViewController.swift; sourceTree = "<group>"; };
		7A455422292A3CC3005FA92F /* Base */ = {isa = PBXFileReference; lastKnownFileType = file.storyboard; name = Base; path = Base.lproj/Main.storyboard; sourceTree = "<group>"; };
		7A455424292A3CC6005FA92F /* Assets.xcassets */ = {isa = PBXFileReference; lastKnownFileType = folder.assetcatalog; path = Assets.xcassets; sourceTree = "<group>"; };
		7A455427292A3CC6005FA92F /* Base */ = {isa = PBXFileReference; lastKnownFileType = file.storyboard; name = Base; path = Base.lproj/LaunchScreen.storyboard; sourceTree = "<group>"; };
		7A455429292A3CC6005FA92F /* Info.plist */ = {isa = PBXFileReference; lastKnownFileType = text.plist.xml; path = Info.plist; sourceTree = "<group>"; };
		7A455437292A3EC5005FA92F /* HomeViewController.swift */ = {isa = PBXFileReference; lastKnownFileType = sourcecode.swift; path = HomeViewController.swift; sourceTree = "<group>"; };
		7A455439292A3F69005FA92F /* Uocomingviewcontroller.swift */ = {isa = PBXFileReference; lastKnownFileType = sourcecode.swift; path = Uocomingviewcontroller.swift; sourceTree = "<group>"; };
		7A45543B292A3F94005FA92F /*  SearchViewController.swift */ = {isa = PBXFileReference; lastKnownFileType = sourcecode.swift; path = " SearchViewController.swift"; sourceTree = "<group>"; };
		7A45543D292A3FC4005FA92F /* DownloadsViewController.swift */ = {isa = PBXFileReference; lastKnownFileType = sourcecode.swift; path = DownloadsViewController.swift; sourceTree = "<group>"; };
		7A455441292A40C7005FA92F /* Title.swift */ = {isa = PBXFileReference; lastKnownFileType = sourcecode.swift; path = Title.swift; sourceTree = "<group>"; };
		7A455443292A4116005FA92F /* ApiCaller.swift */ = {isa = PBXFileReference; lastKnownFileType = sourcecode.swift; path = ApiCaller.swift; sourceTree = "<group>"; };
		7A455445292A4188005FA92F /* TitleConnectionView.swift */ = {isa = PBXFileReference; lastKnownFileType = sourcecode.swift; path = TitleConnectionView.swift; sourceTree = "<group>"; };
		7A45544C292A46C5005FA92F /* YoutubeSearchResponse.swift */ = {isa = PBXFileReference; lastKnownFileType = sourcecode.swift; path = YoutubeSearchResponse.swift; sourceTree = "<group>"; };
		7A45544E292A4717005FA92F /* CollectionViewTableViewCellDelegate.swift */ = {isa = PBXFileReference; lastKnownFileType = sourcecode.swift; path = CollectionViewTableViewCellDelegate.swift; sourceTree = "<group>"; };
		7A455450292A492E005FA92F /* HeroHeaderUIView.swift */ = {isa = PBXFileReference; lastKnownFileType = sourcecode.swift; path = HeroHeaderUIView.swift; sourceTree = "<group>"; };
		7A455452292A49FA005FA92F /* TitleTableViewCell.swift */ = {isa = PBXFileReference; lastKnownFileType = sourcecode.swift; path = TitleTableViewCell.swift; sourceTree = "<group>"; };
		7A455454292A4A80005FA92F /* TitleViewModel.swift */ = {isa = PBXFileReference; lastKnownFileType = sourcecode.swift; path = TitleViewModel.swift; sourceTree = "<group>"; };
		7A455456292A4AD5005FA92F /* TitlePreviewViewModel .swift */ = {isa = PBXFileReference; lastKnownFileType = sourcecode.swift; path = "TitlePreviewViewModel .swift"; sourceTree = "<group>"; };
		7A7E32CB2931195A00716136 /* SearchResultsViewControllerDelegate.swift */ = {isa = PBXFileReference; lastKnownFileType = sourcecode.swift; path = SearchResultsViewControllerDelegate.swift; sourceTree = "<group>"; };
		7A7E32CD2931198B00716136 /* TitlePreviewViewController.swift */ = {isa = PBXFileReference; lastKnownFileType = sourcecode.swift; path = TitlePreviewViewController.swift; sourceTree = "<group>"; };
		7A7E32CF29311A0100716136 /* DataPersistenceManager.swift */ = {isa = PBXFileReference; lastKnownFileType = sourcecode.swift; path = DataPersistenceManager.swift; sourceTree = "<group>"; };
		7A7E32D129311A3B00716136 /* Extension.swift */ = {isa = PBXFileReference; lastKnownFileType = sourcecode.swift; path = Extension.swift; sourceTree = "<group>"; };
		7A7E32D429311C5800716136 /* NetflixCloneModel.xcdatamodel */ = {isa = PBXFileReference; lastKnownFileType = wrapper.xcdatamodel; path = NetflixCloneModel.xcdatamodel; sourceTree = "<group>"; };
/* End PBXFileReference section */

/* Begin PBXFrameworksBuildPhase section */
		7A455415292A3CC3005FA92F /* Frameworks */ = {
			isa = PBXFrameworksBuildPhase;
			buildActionMask = 2147483647;
			files = (
				7A45544B292A44C0005FA92F /* SDWebImageMapKit in Frameworks */,
				7A455449292A44C0005FA92F /* SDWebImage in Frameworks */,
			);
			runOnlyForDeploymentPostprocessing = 0;
		};
/* End PBXFrameworksBuildPhase section */

/* Begin PBXGroup section */
		7A45540F292A3CC3005FA92F = {
			isa = PBXGroup;
			children = (
				7A45541A292A3CC3005FA92F /* netflixapp */,
				7A455419292A3CC3005FA92F /* Products */,
			);
			sourceTree = "<group>";
		};
		7A455419292A3CC3005FA92F /* Products */ = {
			isa = PBXGroup;
			children = (
				7A455418292A3CC3005FA92F /* netflixapp.app */,
			);
			name = Products;
			sourceTree = "<group>";
		};
		7A45541A292A3CC3005FA92F /* netflixapp */ = {
			isa = PBXGroup;
			children = (
				7A455434292A3DD6005FA92F /* Controller */,
				7A455433292A3DC6005FA92F /* ViewModels */,
				7A455432292A3DB0005FA92F /* Views */,
				7A455431292A3D96005FA92F /* Models */,
				7A455430292A3D86005FA92F /* Resources */,
				7A45542F292A3D76005FA92F /* Managers */,
				7A455421292A3CC3005FA92F /* Main.storyboard */,
				7A455424292A3CC6005FA92F /* Assets.xcassets */,
				7A455426292A3CC6005FA92F /* LaunchScreen.storyboard */,
				7A7E32D329311C5800716136 /* NetflixCloneModel.xcdatamodeld */,
				7A455429292A3CC6005FA92F /* Info.plist */,
			);
			path = netflixapp;
			sourceTree = "<group>";
		};
		7A45542F292A3D76005FA92F /* Managers */ = {
			isa = PBXGroup;
			children = (
				7A455443292A4116005FA92F /* ApiCaller.swift */,
				7A7E32CF29311A0100716136 /* DataPersistenceManager.swift */,
			);
			path = Managers;
			sourceTree = "<group>";
		};
		7A455430292A3D86005FA92F /* Resources */ = {
			isa = PBXGroup;
			children = (
				7A45541D292A3CC3005FA92F /* SceneDelegate.swift */,
				7A45541B292A3CC3005FA92F /* AppDelegate.swift */,
				7A7E32D129311A3B00716136 /* Extension.swift */,
			);
			path = Resources;
			sourceTree = "<group>";
		};
		7A455431292A3D96005FA92F /* Models */ = {
			isa = PBXGroup;
			children = (
				7A455441292A40C7005FA92F /* Title.swift */,
				7A45544C292A46C5005FA92F /* YoutubeSearchResponse.swift */,
			);
			path = Models;
			sourceTree = "<group>";
		};
		7A455432292A3DB0005FA92F /* Views */ = {
			isa = PBXGroup;
			children = (
				7A455445292A4188005FA92F /* TitleConnectionView.swift */,
				7A45544E292A4717005FA92F /* CollectionViewTableViewCellDelegate.swift */,
				7A455450292A492E005FA92F /* HeroHeaderUIView.swift */,
				7A455452292A49FA005FA92F /* TitleTableViewCell.swift */,
			);
			path = Views;
			sourceTree = "<group>";
		};
		7A455433292A3DC6005FA92F /* ViewModels */ = {
			isa = PBXGroup;
			children = (
				7A455454292A4A80005FA92F /* TitleViewModel.swift */,
				7A455456292A4AD5005FA92F /* TitlePreviewViewModel .swift */,
			);
			path = ViewModels;
			sourceTree = "<group>";
		};
		7A455434292A3DD6005FA92F /* Controller */ = {
			isa = PBXGroup;
			children = (
				7A455436292A3DF2005FA92F /* Core */,
				7A455435292A3DE9005FA92F /* General */,
			);
			path = Controller;
			sourceTree = "<group>";
		};
		7A455435292A3DE9005FA92F /* General */ = {
			isa = PBXGroup;
			children = (
				7A7E32CB2931195A00716136 /* SearchResultsViewControllerDelegate.swift */,
				7A7E32CD2931198B00716136 /* TitlePreviewViewController.swift */,
			);
			path = General;
			sourceTree = "<group>";
		};
		7A455436292A3DF2005FA92F /* Core */ = {
			isa = PBXGroup;
			children = (
				7A45541F292A3CC3005FA92F /* MainTabBarViewController.swift */,
				7A455437292A3EC5005FA92F /* HomeViewController.swift */,
				7A455439292A3F69005FA92F /* Uocomingviewcontroller.swift */,
				7A45543B292A3F94005FA92F /*  SearchViewController.swift */,
				7A45543D292A3FC4005FA92F /* DownloadsViewController.swift */,
			);
			path = Core;
			sourceTree = "<group>";
		};
/* End PBXGroup section */

/* Begin PBXNativeTarget section */
		7A455417292A3CC3005FA92F /* netflixapp */ = {
			isa = PBXNativeTarget;
			buildConfigurationList = 7A45542C292A3CC6005FA92F /* Build configuration list for PBXNativeTarget "netflixapp" */;
			buildPhases = (
				7A455414292A3CC3005FA92F /* Sources */,
				7A455415292A3CC3005FA92F /* Frameworks */,
				7A455416292A3CC3005FA92F /* Resources */,
			);
			buildRules = (
			);
			dependencies = (
			);
			name = netflixapp;
			packageProductDependencies = (
				7A455448292A44C0005FA92F /* SDWebImage */,
				7A45544A292A44C0005FA92F /* SDWebImageMapKit */,
			);
			productName = netflixapp;
			productReference = 7A455418292A3CC3005FA92F /* netflixapp.app */;
			productType = "com.apple.product-type.application";
		};
/* End PBXNativeTarget section */

/* Begin PBXProject section */
		7A455410292A3CC3005FA92F /* Project object */ = {
			isa = PBXProject;
			attributes = {
				BuildIndependentTargetsInParallel = 1;
				LastSwiftUpdateCheck = 1410;
				LastUpgradeCheck = 1410;
				TargetAttributes = {
					7A455417292A3CC3005FA92F = {
						CreatedOnToolsVersion = 14.1;
					};
				};
			};
			buildConfigurationList = 7A455413292A3CC3005FA92F /* Build configuration list for PBXProject "netflixapp" */;
			compatibilityVersion = "Xcode 14.0";
			developmentRegion = en;
			hasScannedForEncodings = 0;
			knownRegions = (
				en,
				Base,
			);
			mainGroup = 7A45540F292A3CC3005FA92F;
			packageReferences = (
				7A455447292A44C0005FA92F /* XCRemoteSwiftPackageReference "SDWebImage" */,
			);
			productRefGroup = 7A455419292A3CC3005FA92F /* Products */;
			projectDirPath = "";
			projectRoot = "";
			targets = (
				7A455417292A3CC3005FA92F /* netflixapp */,
			);
		};
/* End PBXProject section */

/* Begin PBXResourcesBuildPhase section */
		7A455416292A3CC3005FA92F /* Resources */ = {
			isa = PBXResourcesBuildPhase;
			buildActionMask = 2147483647;
			files = (
				7A455428292A3CC6005FA92F /* LaunchScreen.storyboard in Resources */,
				7A455425292A3CC6005FA92F /* Assets.xcassets in Resources */,
				7A455423292A3CC3005FA92F /* Main.storyboard in Resources */,
			);
			runOnlyForDeploymentPostprocessing = 0;
		};
/* End PBXResourcesBuildPhase section */

/* Begin PBXSourcesBuildPhase section */
		7A455414292A3CC3005FA92F /* Sources */ = {
			isa = PBXSourcesBuildPhase;
			buildActionMask = 2147483647;
			files = (
				7A7E32CC2931195A00716136 /* SearchResultsViewControllerDelegate.swift in Sources */,
				7A455442292A40C7005FA92F /* Title.swift in Sources */,
				7A45544F292A4717005FA92F /* CollectionViewTableViewCellDelegate.swift in Sources */,
				7A455420292A3CC3005FA92F /* MainTabBarViewController.swift in Sources */,
				7A455438292A3EC5005FA92F /* HomeViewController.swift in Sources */,
				7A455446292A4188005FA92F /* TitleConnectionView.swift in Sources */,
				7A45541C292A3CC3005FA92F /* AppDelegate.swift in Sources */,
				7A45543C292A3F94005FA92F /*  SearchViewController.swift in Sources */,
				7A455457292A4AD5005FA92F /* TitlePreviewViewModel .swift in Sources */,
				7A455451292A492E005FA92F /* HeroHeaderUIView.swift in Sources */,
				7A45543E292A3FC4005FA92F /* DownloadsViewController.swift in Sources */,
				7A455453292A49FA005FA92F /* TitleTableViewCell.swift in Sources */,
				7A45541E292A3CC3005FA92F /* SceneDelegate.swift in Sources */,
				7A455444292A4116005FA92F /* ApiCaller.swift in Sources */,
				7A7E32CE2931198B00716136 /* TitlePreviewViewController.swift in Sources */,
				7A7E32D529311C5800716136 /* NetflixCloneModel.xcdatamodeld in Sources */,
				7A7E32D229311A3B00716136 /* Extension.swift in Sources */,
				7A45544D292A46C5005FA92F /* YoutubeSearchResponse.swift in Sources */,
				7A45543A292A3F69005FA92F /* Uocomingviewcontroller.swift in Sources */,
				7A7E32D029311A0100716136 /* DataPersistenceManager.swift in Sources */,
				7A455455292A4A80005FA92F /* TitleViewModel.swift in Sources */,
			);
			runOnlyForDeploymentPostprocessing = 0;
		};
/* End PBXSourcesBuildPhase section */

/* Begin PBXVariantGroup section */
		7A455421292A3CC3005FA92F /* Main.storyboard */ = {
			isa = PBXVariantGroup;
			children = (
				7A455422292A3CC3005FA92F /* Base */,
			);
			name = Main.storyboard;
			sourceTree = "<group>";
		};
		7A455426292A3CC6005FA92F /* LaunchScreen.storyboard */ = {
			isa = PBXVariantGroup;
			children = (
				7A455427292A3CC6005FA92F /* Base */,
			);
			name = LaunchScreen.storyboard;
			sourceTree = "<group>";
		};
/* End PBXVariantGroup section */

/* Begin XCBuildConfiguration section */
		7A45542A292A3CC6005FA92F /* Debug */ = {
			isa = XCBuildConfiguration;
			buildSettings = {
				ALWAYS_SEARCH_USER_PATHS = NO;
				CLANG_ANALYZER_NONNULL = YES;
				CLANG_ANALYZER_NUMBER_OBJECT_CONVERSION = YES_AGGRESSIVE;
				CLANG_CXX_LANGUAGE_STANDARD = "gnu++20";
				CLANG_ENABLE_MODULES = YES;
				CLANG_ENABLE_OBJC_ARC = YES;
				CLANG_ENABLE_OBJC_WEAK = YES;
				CLANG_WARN_BLOCK_CAPTURE_AUTORELEASING = YES;
				CLANG_WARN_BOOL_CONVERSION = YES;
				CLANG_WARN_COMMA = YES;
				CLANG_WARN_CONSTANT_CONVERSION = YES;
				CLANG_WARN_DEPRECATED_OBJC_IMPLEMENTATIONS = YES;
				CLANG_WARN_DIRECT_OBJC_ISA_USAGE = YES_ERROR;
				CLANG_WARN_DOCUMENTATION_COMMENTS = YES;
				CLANG_WARN_EMPTY_BODY = YES;
				CLANG_WARN_ENUM_CONVERSION = YES;
				CLANG_WARN_INFINITE_RECURSION = YES;
				CLANG_WARN_INT_CONVERSION = YES;
				CLANG_WARN_NON_LITERAL_NULL_CONVERSION = YES;
				CLANG_WARN_OBJC_IMPLICIT_RETAIN_SELF = YES;
				CLANG_WARN_OBJC_LITERAL_CONVERSION = YES;
				CLANG_WARN_OBJC_ROOT_CLASS = YES_ERROR;
				CLANG_WARN_QUOTED_INCLUDE_IN_FRAMEWORK_HEADER = YES;
				CLANG_WARN_RANGE_LOOP_ANALYSIS = YES;
				CLANG_WARN_STRICT_PROTOTYPES = YES;
				CLANG_WARN_SUSPICIOUS_MOVE = YES;
				CLANG_WARN_UNGUARDED_AVAILABILITY = YES_AGGRESSIVE;
				CLANG_WARN_UNREACHABLE_CODE = YES;
				CLANG_WARN__DUPLICATE_METHOD_MATCH = YES;
				COPY_PHASE_STRIP = NO;
				DEBUG_INFORMATION_FORMAT = dwarf;
				ENABLE_STRICT_OBJC_MSGSEND = YES;
				ENABLE_TESTABILITY = YES;
				GCC_C_LANGUAGE_STANDARD = gnu11;
				GCC_DYNAMIC_NO_PIC = NO;
				GCC_NO_COMMON_BLOCKS = YES;
				GCC_OPTIMIZATION_LEVEL = 0;
				GCC_PREPROCESSOR_DEFINITIONS = (
					"DEBUG=1",
					"$(inherited)",
				);
				GCC_WARN_64_TO_32_BIT_CONVERSION = YES;
				GCC_WARN_ABOUT_RETURN_TYPE = YES_ERROR;
				GCC_WARN_UNDECLARED_SELECTOR = YES;
				GCC_WARN_UNINITIALIZED_AUTOS = YES_AGGRESSIVE;
				GCC_WARN_UNUSED_FUNCTION = YES;
				GCC_WARN_UNUSED_VARIABLE = YES;
				IPHONEOS_DEPLOYMENT_TARGET = 16.1;
				MTL_ENABLE_DEBUG_INFO = INCLUDE_SOURCE;
				MTL_FAST_MATH = YES;
				ONLY_ACTIVE_ARCH = YES;
				SDKROOT = iphoneos;
				SWIFT_ACTIVE_COMPILATION_CONDITIONS = DEBUG;
				SWIFT_OPTIMIZATION_LEVEL = "-Onone";
			};
			name = Debug;
		};
		7A45542B292A3CC6005FA92F /* Release */ = {
			isa = XCBuildConfiguration;
			buildSettings = {
				ALWAYS_SEARCH_USER_PATHS = NO;
				CLANG_ANALYZER_NONNULL = YES;
				CLANG_ANALYZER_NUMBER_OBJECT_CONVERSION = YES_AGGRESSIVE;
				CLANG_CXX_LANGUAGE_STANDARD = "gnu++20";
				CLANG_ENABLE_MODULES = YES;
				CLANG_ENABLE_OBJC_ARC = YES;
				CLANG_ENABLE_OBJC_WEAK = YES;
				CLANG_WARN_BLOCK_CAPTURE_AUTORELEASING = YES;
				CLANG_WARN_BOOL_CONVERSION = YES;
				CLANG_WARN_COMMA = YES;
				CLANG_WARN_CONSTANT_CONVERSION = YES;
				CLANG_WARN_DEPRECATED_OBJC_IMPLEMENTATIONS = YES;
				CLANG_WARN_DIRECT_OBJC_ISA_USAGE = YES_ERROR;
				CLANG_WARN_DOCUMENTATION_COMMENTS = YES;
				CLANG_WARN_EMPTY_BODY = YES;
				CLANG_WARN_ENUM_CONVERSION = YES;
				CLANG_WARN_INFINITE_RECURSION = YES;
				CLANG_WARN_INT_CONVERSION = YES;
				CLANG_WARN_NON_LITERAL_NULL_CONVERSION = YES;
				CLANG_WARN_OBJC_IMPLICIT_RETAIN_SELF = YES;
				CLANG_WARN_OBJC_LITERAL_CONVERSION = YES;
				CLANG_WARN_OBJC_ROOT_CLASS = YES_ERROR;
				CLANG_WARN_QUOTED_INCLUDE_IN_FRAMEWORK_HEADER = YES;
				CLANG_WARN_RANGE_LOOP_ANALYSIS = YES;
				CLANG_WARN_STRICT_PROTOTYPES = YES;
				CLANG_WARN_SUSPICIOUS_MOVE = YES;
				CLANG_WARN_UNGUARDED_AVAILABILITY = YES_AGGRESSIVE;
				CLANG_WARN_UNREACHABLE_CODE = YES;
				CLANG_WARN__DUPLICATE_METHOD_MATCH = YES;
				COPY_PHASE_STRIP = NO;
				DEBUG_INFORMATION_FORMAT = "dwarf-with-dsym";
				ENABLE_NS_ASSERTIONS = NO;
				ENABLE_STRICT_OBJC_MSGSEND = YES;
				GCC_C_LANGUAGE_STANDARD = gnu11;
				GCC_NO_COMMON_BLOCKS = YES;
				GCC_WARN_64_TO_32_BIT_CONVERSION = YES;
				GCC_WARN_ABOUT_RETURN_TYPE = YES_ERROR;
				GCC_WARN_UNDECLARED_SELECTOR = YES;
				GCC_WARN_UNINITIALIZED_AUTOS = YES_AGGRESSIVE;
				GCC_WARN_UNUSED_FUNCTION = YES;
				GCC_WARN_UNUSED_VARIABLE = YES;
				IPHONEOS_DEPLOYMENT_TARGET = 16.1;
				MTL_ENABLE_DEBUG_INFO = NO;
				MTL_FAST_MATH = YES;
				SDKROOT = iphoneos;
				SWIFT_COMPILATION_MODE = wholemodule;
				SWIFT_OPTIMIZATION_LEVEL = "-O";
				VALIDATE_PRODUCT = YES;
			};
			name = Release;
		};
		7A45542D292A3CC6005FA92F /* Debug */ = {
			isa = XCBuildConfiguration;
			buildSettings = {
				ASSETCATALOG_COMPILER_APPICON_NAME = AppIcon;
				ASSETCATALOG_COMPILER_GLOBAL_ACCENT_COLOR_NAME = AccentColor;
				CODE_SIGN_STYLE = Automatic;
				CURRENT_PROJECT_VERSION = 1;
				GENERATE_INFOPLIST_FILE = YES;
				INFOPLIST_FILE = netflixapp/Info.plist;
				INFOPLIST_KEY_UIApplicationSupportsIndirectInputEvents = YES;
				INFOPLIST_KEY_UILaunchStoryboardName = LaunchScreen;
				INFOPLIST_KEY_UIMainStoryboardFile = Main;
				INFOPLIST_KEY_UISupportedInterfaceOrientations_iPad = "UIInterfaceOrientationPortrait UIInterfaceOrientationPortraitUpsideDown UIInterfaceOrientationLandscapeLeft UIInterfaceOrientationLandscapeRight";
				INFOPLIST_KEY_UISupportedInterfaceOrientations_iPhone = "UIInterfaceOrientationPortrait UIInterfaceOrientationLandscapeLeft UIInterfaceOrientationLandscapeRight";
				LD_RUNPATH_SEARCH_PATHS = (
					"$(inherited)",
					"@executable_path/Frameworks",
				);
				MARKETING_VERSION = 1.0;
				PRODUCT_BUNDLE_IDENTIFIER = kholod.com.netflixapp;
				PRODUCT_NAME = "$(TARGET_NAME)";
				SWIFT_EMIT_LOC_STRINGS = YES;
				SWIFT_VERSION = 5.0;
				TARGETED_DEVICE_FAMILY = "1,2";
			};
			name = Debug;
		};
		7A45542E292A3CC6005FA92F /* Release */ = {
			isa = XCBuildConfiguration;
			buildSettings = {
				ASSETCATALOG_COMPILER_APPICON_NAME = AppIcon;
				ASSETCATALOG_COMPILER_GLOBAL_ACCENT_COLOR_NAME = AccentColor;
				CODE_SIGN_STYLE = Automatic;
				CURRENT_PROJECT_VERSION = 1;
				GENERATE_INFOPLIST_FILE = YES;
				INFOPLIST_FILE = netflixapp/Info.plist;
				INFOPLIST_KEY_UIApplicationSupportsIndirectInputEvents = YES;
				INFOPLIST_KEY_UILaunchStoryboardName = LaunchScreen;
				INFOPLIST_KEY_UIMainStoryboardFile = Main;
				INFOPLIST_KEY_UISupportedInterfaceOrientations_iPad = "UIInterfaceOrientationPortrait UIInterfaceOrientationPortraitUpsideDown UIInterfaceOrientationLandscapeLeft UIInterfaceOrientationLandscapeRight";
				INFOPLIST_KEY_UISupportedInterfaceOrientations_iPhone = "UIInterfaceOrientationPortrait UIInterfaceOrientationLandscapeLeft UIInterfaceOrientationLandscapeRight";
				LD_RUNPATH_SEARCH_PATHS = (
					"$(inherited)",
					"@executable_path/Frameworks",
				);
				MARKETING_VERSION = 1.0;
				PRODUCT_BUNDLE_IDENTIFIER = kholod.com.netflixapp;
				PRODUCT_NAME = "$(TARGET_NAME)";
				SWIFT_EMIT_LOC_STRINGS = YES;
				SWIFT_VERSION = 5.0;
				TARGETED_DEVICE_FAMILY = "1,2";
			};
			name = Release;
		};
/* End XCBuildConfiguration section */

/* Begin XCConfigurationList section */
		7A455413292A3CC3005FA92F /* Build configuration list for PBXProject "netflixapp" */ = {
			isa = XCConfigurationList;
			buildConfigurations = (
				7A45542A292A3CC6005FA92F /* Debug */,
				7A45542B292A3CC6005FA92F /* Release */,
			);
			defaultConfigurationIsVisible = 0;
			defaultConfigurationName = Release;
		};
		7A45542C292A3CC6005FA92F /* Build configuration list for PBXNativeTarget "netflixapp" */ = {
			isa = XCConfigurationList;
			buildConfigurations = (
				7A45542D292A3CC6005FA92F /* Debug */,
				7A45542E292A3CC6005FA92F /* Release */,
			);
			defaultConfigurationIsVisible = 0;
			defaultConfigurationName = Release;
		};
/* End XCConfigurationList section */

/* Begin XCRemoteSwiftPackageReference section */
		7A455447292A44C0005FA92F /* XCRemoteSwiftPackageReference "SDWebImage" */ = {
			isa = XCRemoteSwiftPackageReference;
			repositoryURL = "https://github.com/SDWebImage/SDWebImage.git";
			requirement = {
				kind = upToNextMajorVersion;
				minimumVersion = 5.0.0;
			};
		};
/* End XCRemoteSwiftPackageReference section */

/* Begin XCSwiftPackageProductDependency section */
		7A455448292A44C0005FA92F /* SDWebImage */ = {
			isa = XCSwiftPackageProductDependency;
			package = 7A455447292A44C0005FA92F /* XCRemoteSwiftPackageReference "SDWebImage" */;
			productName = SDWebImage;
		};
		7A45544A292A44C0005FA92F /* SDWebImageMapKit */ = {
			isa = XCSwiftPackageProductDependency;
			package = 7A455447292A44C0005FA92F /* XCRemoteSwiftPackageReference "SDWebImage" */;
			productName = SDWebImageMapKit;
		};
/* End XCSwiftPackageProductDependency section */

/* Begin XCVersionGroup section */
		7A7E32D329311C5800716136 /* NetflixCloneModel.xcdatamodeld */ = {
			isa = XCVersionGroup;
			children = (
				7A7E32D429311C5800716136 /* NetflixCloneModel.xcdatamodel */,
			);
			currentVersion = 7A7E32D429311C5800716136 /* NetflixCloneModel.xcdatamodel */;
			path = NetflixCloneModel.xcdatamodeld;
			sourceTree = "<group>";
			versionGroupType = wrapper.xcdatamodel;
		};
/* End XCVersionGroup section */
	};
	rootObject = 7A455410292A3CC3005FA92F /* Project object */;
}
